
Microsoft Visual Studio Solution File, Format Version 12.00
# Visual Studio 15
Project("{FAE04EC0-301F-11D3-BF4B-00C04F79EFBC}") = "UnityEngine.UI", "UnityEngine.UI.csproj", "{2A70325A-3C2D-CB91-BE82-16D5B8742FAF}"
EndProject
Project("{FAE04EC0-301F-11D3-BF4B-00C04F79EFBC}") = "Unity.Services.Core.Telemetry", "Unity.Services.Core.Telemetry.csproj", "{39BA7C4E-DBFD-971B-3D4F-4F9A58572BCF}"
EndProject
Project("{FAE04EC0-301F-11D3-BF4B-00C04F79EFBC}") = "UnityEngine.TestRunner", "UnityEngine.TestRunner.csproj", "{65E51B4A-24A6-BAF4-21DE-0674C3EF0A6B}"
EndProject
Project("{FAE04EC0-301F-11D3-BF4B-00C04F79EFBC}") = "UnityEngine.XR.LegacyInputHelpers", "UnityEngine.XR.LegacyInputHelpers.csproj", "{BB8EFAD1-C475-B4D5-95A6-6C07A8F58FB5}"
EndProject
Project("{FAE04EC0-301F-11D3-BF4B-00C04F79EFBC}") = "Unity.Services.Core.Internal", "Unity.Services.Core.Internal.csproj", "{D8E408F0-3E1E-3623-34DC-F40B32319470}"
EndProject
Project("{FAE04EC0-301F-11D3-BF4B-00C04F79EFBC}") = "Unity.Timeline", "Unity.Timeline.csproj", "{7B46EE10-8C94-F23D-99B3-3A58E323E76D}"
EndProject
Project("{FAE04EC0-301F-11D3-BF4B-00C04F79EFBC}") = "UnityEngine.Purchasing.WinRTCore", "UnityEngine.Purchasing.WinRTCore.csproj", "{A992F36F-333E-E9CB-7556-1220EE8F5F18}"
EndProject
Project("{FAE04EC0-301F-11D3-BF4B-00C04F79EFBC}") = "UnityEngine.Monetization", "UnityEngine.Monetization.csproj", "{52208DC6-22A5-B16C-3930-F052B675B34B}"
EndProject
Project("{FAE04EC0-301F-11D3-BF4B-00C04F79EFBC}") = "UnityEngine.Purchasing.SecurityCore", "UnityEngine.Purchasing.SecurityCore.csproj", "{FBF4F493-30B6-AFBC-2A55-35FCBF96429E}"
EndProject
Project("{FAE04EC0-301F-11D3-BF4B-00C04F79EFBC}") = "Unity.TextMeshPro", "Unity.TextMeshPro.csproj", "{B5874EAD-0F58-5F90-477C-22AB65F212ED}"
EndProject
Project("{FAE04EC0-301F-11D3-BF4B-00C04F79EFBC}") = "UnityEngine.Purchasing", "UnityEngine.Purchasing.csproj", "{D7A7E401-1E93-8CC5-D419-F5C7D5A873B1}"
EndProject
Project("{FAE04EC0-301F-11D3-BF4B-00C04F79EFBC}") = "UnityEngine.Purchasing.AppleCore", "UnityEngine.Purchasing.AppleCore.csproj", "{007DE7A7-8BD4-9474-C390-7C9F8537757F}"
EndProject
Project("{FAE04EC0-301F-11D3-BF4B-00C04F79EFBC}") = "Unity.Services.Core.Environments.Internal", "Unity.Services.Core.Environments.Internal.csproj", "{AA9E7198-32AA-0933-3EA2-2F7CB1905CFC}"
EndProject
Project("{FAE04EC0-301F-11D3-BF4B-00C04F79EFBC}") = "UnityEngine.Purchasing.Stores", "UnityEngine.Purchasing.Stores.csproj", "{9A0DE44B-A154-BB7B-8609-61B179DD2877}"
EndProject
Project("{FAE04EC0-301F-11D3-BF4B-00C04F79EFBC}") = "UnityEngine.Advertisements", "UnityEngine.Advertisements.csproj", "{A9B52682-B393-F5FD-F745-72F86EB54838}"
EndProject
Project("{FAE04EC0-301F-11D3-BF4B-00C04F79EFBC}") = "Unity.Services.Core.Configuration", "Unity.Services.Core.Configuration.csproj", "{1DDE5C13-B5CC-D3EA-62E6-18AD211C187C}"
EndProject
Project("{FAE04EC0-301F-11D3-BF4B-00C04F79EFBC}") = "Unity.Services.Core", "Unity.Services.Core.csproj", "{6391DBE4-51A9-D480-4E3B-71E6DAB5FE7C}"
EndProject
Project("{FAE04EC0-301F-11D3-BF4B-00C04F79EFBC}") = "Unity.Services.Core.Environments", "Unity.Services.Core.Environments.csproj", "{40099A58-89C2-6EDF-AD8F-7F1BA204DA4D}"
EndProject
Project("{FAE04EC0-301F-11D3-BF4B-00C04F79EFBC}") = "Unity.Services.Core.Networking", "Unity.Services.Core.Networking.csproj", "{00F90E28-9B1E-54D1-13EA-1607BE0D2622}"
EndProject
Project("{FAE04EC0-301F-11D3-BF4B-00C04F79EFBC}") = "UnityEngine.Purchasing.SecurityStub", "UnityEngine.Purchasing.SecurityStub.csproj", "{85914C42-E966-3738-4923-E197BA3F4D49}"
EndProject
Project("{FAE04EC0-301F-11D3-BF4B-00C04F79EFBC}") = "Unity.Services.Core.Analytics", "Unity.Services.Core.Analytics.csproj", "{10666D41-9EC3-EDBE-2B91-ACD15E973395}"
EndProject
Project("{FAE04EC0-301F-11D3-BF4B-00C04F79EFBC}") = "Purchasing.Common", "Purchasing.Common.csproj", "{C038CCF2-53BF-BB90-BF53-5FF2AA1ED5C5}"
EndProject
Project("{FAE04EC0-301F-11D3-BF4B-00C04F79EFBC}") = "Unity.Services.Core.Scheduler", "Unity.Services.Core.Scheduler.csproj", "{637FA0B1-C8B5-F733-5020-9C22AEC101A4}"
EndProject
Project("{FAE04EC0-301F-11D3-BF4B-00C04F79EFBC}") = "UnityEngine.Purchasing.Codeless", "UnityEngine.Purchasing.Codeless.csproj", "{A5392069-817A-0D93-422A-6246AFF5B451}"
EndProject
Project("{FAE04EC0-301F-11D3-BF4B-00C04F79EFBC}") = "Unity.Services.Core.Registration", "Unity.Services.Core.Registration.csproj", "{8B332853-49BC-1F03-2826-135868815C47}"
EndProject
Project("{FAE04EC0-301F-11D3-BF4B-00C04F79EFBC}") = "Assembly-CSharp", "Assembly-CSharp.csproj", "{5052AF40-986E-0862-FF2F-3CAF43E3CB7C}"
EndProject
Project("{FAE04EC0-301F-11D3-BF4B-00C04F79EFBC}") = "Unity.Services.Core.Device", "Unity.Services.Core.Device.csproj", "{E1446E2D-0FC7-FB6B-0A73-4E86EF247367}"
EndProject
Project("{FAE04EC0-301F-11D3-BF4B-00C04F79EFBC}") = "UnityEngine.Purchasing.WinRTStub", "UnityEngine.Purchasing.WinRTStub.csproj", "{65A3781A-A55E-753E-2259-A319F11CADBB}"
EndProject
Project("{FAE04EC0-301F-11D3-BF4B-00C04F79EFBC}") = "Unity.Services.Core.Threading", "Unity.Services.Core.Threading.csproj", "{F3A708E9-A9CB-76E1-6FC0-AA8F4CE0DF1E}"
EndProject
Project("{FAE04EC0-301F-11D3-BF4B-00C04F79EFBC}") = "UnityEngine.Purchasing.AppleStub", "UnityEngine.Purchasing.AppleStub.csproj", "{2E2F6864-5962-C348-D3EE-5A374BEC3704}"
EndProject
Project("{FAE04EC0-301F-11D3-BF4B-00C04F79EFBC}") = "UnityEngine.Purchasing.AppleMacosStub", "UnityEngine.Purchasing.AppleMacosStub.csproj", "{486B7681-CFB5-FAB5-5CC9-7B1359688790}"
EndProject
Project("{FAE04EC0-301F-11D3-BF4B-00C04F79EFBC}") = "UnityEngine.SpatialTracking", "UnityEngine.SpatialTracking.csproj", "{5478207A-22A3-9B37-06EF-84B9D3ED27F9}"
EndProject
Project("{FAE04EC0-301F-11D3-BF4B-00C04F79EFBC}") = "Unity.Analytics.DataPrivacy", "Unity.Analytics.DataPrivacy.csproj", "{6D70D9B0-2CF2-FF33-E930-D493844D2DC2}"
EndProject
Project("{FAE04EC0-301F-11D3-BF4B-00C04F79EFBC}") = "UnityEditor.TestRunner", "UnityEditor.TestRunner.csproj", "{D8BB77A2-4F40-4928-E163-46277965EC07}"
EndProject
Project("{FAE04EC0-301F-11D3-BF4B-00C04F79EFBC}") = "Unity.PlasticSCM.Editor", "Unity.PlasticSCM.Editor.csproj", "{926BB6D6-E55C-F55E-C236-9C07E9217848}"
EndProject
Project("{FAE04EC0-301F-11D3-BF4B-00C04F79EFBC}") = "UnityEditor.UI", "UnityEditor.UI.csproj", "{1AC94EB1-1B9D-3C63-AEAD-DB04437D40E9}"
EndProject
Project("{FAE04EC0-301F-11D3-BF4B-00C04F79EFBC}") = "Unity.Timeline.Editor", "Unity.Timeline.Editor.csproj", "{FF6BC52C-D634-CE79-8593-B533454C2FF7}"
EndProject
Project("{FAE04EC0-301F-11D3-BF4B-00C04F79EFBC}") = "Unity.VisualStudio.Editor", "Unity.VisualStudio.Editor.csproj", "{714DCD66-EA15-60AA-1C0D-9C01D6B121F6}"
EndProject
Project("{FAE04EC0-301F-11D3-BF4B-00C04F79EFBC}") = "UnityEngine.Advertisements.Editor", "UnityEngine.Advertisements.Editor.csproj", "{6C82FA00-CCD8-B82C-9567-246D858DC893}"
EndProject
Project("{FAE04EC0-301F-11D3-BF4B-00C04F79EFBC}") = "Unity.TextMeshPro.Editor", "Unity.TextMeshPro.Editor.csproj", "{2E7A84C9-AFFB-F8F0-4F6B-B510BF5C8C81}"
EndProject
Project("{FAE04EC0-301F-11D3-BF4B-00C04F79EFBC}") = "Unity.CollabProxy.Editor", "Unity.CollabProxy.Editor.csproj", "{EC27BBDC-9BD3-B182-D27D-80EF625F2565}"
EndProject
Project("{FAE04EC0-301F-11D3-BF4B-00C04F79EFBC}") = "Unity.2D.Tilemap.Editor", "Unity.2D.Tilemap.Editor.csproj", "{DDE6D9B0-8676-0514-5132-4F2B4EBF20E3}"
EndProject
Project("{FAE04EC0-301F-11D3-BF4B-00C04F79EFBC}") = "UnityEditor.Purchasing", "UnityEditor.Purchasing.csproj", "{3E5E7F9E-7D13-F012-DE7B-8BF4C7FB36AB}"
EndProject
Project("{FAE04EC0-301F-11D3-BF4B-00C04F79EFBC}") = "Unity.Services.Core.Editor", "Unity.Services.Core.Editor.csproj", "{A02F5FCD-9379-BD04-1BBD-3E4A28DF66FC}"
EndProject
Project("{FAE04EC0-301F-11D3-BF4B-00C04F79EFBC}") = "Unity.Rider.Editor", "Unity.Rider.Editor.csproj", "{B23AB82A-F818-E79A-07F6-5C3C7CFCA026}"
EndProject
Project("{FAE04EC0-301F-11D3-BF4B-00C04F79EFBC}") = "Unity.2D.Sprite.Editor", "Unity.2D.Sprite.Editor.csproj", "{3CA487B8-2E4A-5A21-5EA7-CFCC9DFE33ED}"
EndProject
Project("{FAE04EC0-301F-11D3-BF4B-00C04F79EFBC}") = "UnityEngine.Advertisements.DevX.Editor", "UnityEngine.Advertisements.DevX.Editor.csproj", "{848B3EFF-D0DC-77B9-A7B4-A1B1235C6218}"
EndProject
Project("{FAE04EC0-301F-11D3-BF4B-00C04F79EFBC}") = "UnityEditor.XR.LegacyInputHelpers", "UnityEditor.XR.LegacyInputHelpers.csproj", "{D3C6D733-82B3-B55F-7B41-2D811C07517D}"
EndProject
Project("{FAE04EC0-301F-11D3-BF4B-00C04F79EFBC}") = "Unity.VSCode.Editor", "Unity.VSCode.Editor.csproj", "{B056240B-15A2-F8DA-2C2D-B3DA6728E7C7}"
EndProject
Project("{FAE04EC0-301F-11D3-BF4B-00C04F79EFBC}") = "Unity.Services.Core.Configuration.Editor", "Unity.Services.Core.Configuration.Editor.csproj", "{9684EA06-C343-B2D2-10AD-0BE56F7609BE}"
EndProject
Project("{FAE04EC0-301F-11D3-BF4B-00C04F79EFBC}") = "UnityEditor.SpatialTracking", "UnityEditor.SpatialTracking.csproj", "{1C3C435B-E9B5-E40E-429A-123BC99AF94C}"
EndProject
Project("{FAE04EC0-301F-11D3-BF4B-00C04F79EFBC}") = "Analytics", "Analytics.csproj", "{FB7B4C1A-33E2-61E1-576E-B029BCCF85F7}"
EndProject
Project("{FAE04EC0-301F-11D3-BF4B-00C04F79EFBC}") = "UnityEngine.UI", "UnityEngine.UI.Player.csproj", "{D6727148-1B52-1059-C8EE-2C1B65301929}"
EndProject
Project("{FAE04EC0-301F-11D3-BF4B-00C04F79EFBC}") = "Unity.Services.Core.Telemetry", "Unity.Services.Core.Telemetry.Player.csproj", "{EC2FFF2F-3FEC-337B-29D6-3714B935D168}"
EndProject
Project("{FAE04EC0-301F-11D3-BF4B-00C04F79EFBC}") = "UnityEngine.TestRunner", "UnityEngine.TestRunner.Player.csproj", "{E7280419-0E59-5655-5850-B4425FDC42E1}"
EndProject
Project("{FAE04EC0-301F-11D3-BF4B-00C04F79EFBC}") = "UnityEngine.XR.LegacyInputHelpers", "UnityEngine.XR.LegacyInputHelpers.Player.csproj", "{2DD5D96D-1C3C-FB5D-7FAE-59156CDF4839}"
EndProject
Project("{FAE04EC0-301F-11D3-BF4B-00C04F79EFBC}") = "Unity.Services.Core.Internal", "Unity.Services.Core.Internal.Player.csproj", "{E641C7BA-5065-95AD-2A6D-97F5A695BA59}"
EndProject
Project("{FAE04EC0-301F-11D3-BF4B-00C04F79EFBC}") = "Unity.Timeline", "Unity.Timeline.Player.csproj", "{127C75F0-50F9-3AEA-5E31-B14DC82C2AF5}"
EndProject
Project("{FAE04EC0-301F-11D3-BF4B-00C04F79EFBC}") = "UnityEngine.Purchasing.WinRTCore", "UnityEngine.Purchasing.WinRTCore.Player.csproj", "{0A5B41D0-1CA8-E7F2-5A6F-0A98FF3AAFF6}"
EndProject
Project("{FAE04EC0-301F-11D3-BF4B-00C04F79EFBC}") = "UnityEngine.Monetization", "UnityEngine.Monetization.Player.csproj", "{D6A19F2A-7D4E-63DE-090B-7D238C4CF1EF}"
EndProject
Project("{FAE04EC0-301F-11D3-BF4B-00C04F79EFBC}") = "UnityEngine.Purchasing.SecurityCore", "UnityEngine.Purchasing.SecurityCore.Player.csproj", "{5ADAE28B-06CF-FF48-DC17-5C5CC8E083ED}"
EndProject
Project("{FAE04EC0-301F-11D3-BF4B-00C04F79EFBC}") = "Unity.TextMeshPro", "Unity.TextMeshPro.Player.csproj", "{23F29643-45D2-4F23-4B57-06A15E676933}"
EndProject
Project("{FAE04EC0-301F-11D3-BF4B-00C04F79EFBC}") = "UnityEngine.Purchasing", "UnityEngine.Purchasing.Player.csproj", "{00EA974E-06C2-D7B7-0EC6-1D113E3208A5}"
EndProject
Project("{FAE04EC0-301F-11D3-BF4B-00C04F79EFBC}") = "UnityEngine.Purchasing.AppleCore", "UnityEngine.Purchasing.AppleCore.Player.csproj", "{80E69AC9-A966-8CEB-8CB7-61DC74054557}"
EndProject
Project("{FAE04EC0-301F-11D3-BF4B-00C04F79EFBC}") = "Unity.Services.Core.Environments.Internal", "Unity.Services.Core.Environments.Internal.Player.csproj", "{C7A6E8E2-2B78-11B2-FE15-8B9166C5CC85}"
EndProject
Project("{FAE04EC0-301F-11D3-BF4B-00C04F79EFBC}") = "UnityEngine.Purchasing.Stores", "UnityEngine.Purchasing.Stores.Player.csproj", "{DFD0FD46-2817-8E23-5E31-7F3DD803AFF6}"
EndProject
Project("{FAE04EC0-301F-11D3-BF4B-00C04F79EFBC}") = "UnityEngine.Advertisements", "UnityEngine.Advertisements.Player.csproj", "{B7C12BA8-79DD-C819-6ED9-E109D7073377}"
EndProject
Project("{FAE04EC0-301F-11D3-BF4B-00C04F79EFBC}") = "Unity.Services.Core.Configuration", "Unity.Services.Core.Configuration.Player.csproj", "{50DFBA47-7636-DDD6-265B-A88BF2821710}"
EndProject
Project("{FAE04EC0-301F-11D3-BF4B-00C04F79EFBC}") = "Unity.Services.Core", "Unity.Services.Core.Player.csproj", "{9BB2D750-6C29-6217-E181-7A7EA6F9D0E8}"
EndProject
Project("{FAE04EC0-301F-11D3-BF4B-00C04F79EFBC}") = "Unity.Services.Core.Environments", "Unity.Services.Core.Environments.Player.csproj", "{7E7A42C8-5497-73CC-8A3E-F566CD4EF82F}"
EndProject
Project("{FAE04EC0-301F-11D3-BF4B-00C04F79EFBC}") = "Unity.Services.Core.Networking", "Unity.Services.Core.Networking.Player.csproj", "{86B1B5B1-0F0D-0D43-EE0B-6912CACDF9AB}"
EndProject
Project("{FAE04EC0-301F-11D3-BF4B-00C04F79EFBC}") = "UnityEngine.Purchasing.SecurityStub", "UnityEngine.Purchasing.SecurityStub.Player.csproj", "{BC37A6EB-1B80-D2BD-A259-96F05DEB09E4}"
EndProject
Project("{FAE04EC0-301F-11D3-BF4B-00C04F79EFBC}") = "Unity.Services.Core.Analytics", "Unity.Services.Core.Analytics.Player.csproj", "{F00B061C-0743-BC64-EE66-F5C29D847AD7}"
EndProject
Project("{FAE04EC0-301F-11D3-BF4B-00C04F79EFBC}") = "Purchasing.Common", "Purchasing.Common.Player.csproj", "{98BB33F3-9D20-0BE3-E7E7-8FD1C1AFC80F}"
EndProject
Project("{FAE04EC0-301F-11D3-BF4B-00C04F79EFBC}") = "Unity.Services.Core.Scheduler", "Unity.Services.Core.Scheduler.Player.csproj", "{0C273F24-E181-4F60-7816-63F1ED9BA225}"
EndProject
Project("{FAE04EC0-301F-11D3-BF4B-00C04F79EFBC}") = "UnityEngine.Purchasing.Codeless", "UnityEngine.Purchasing.Codeless.Player.csproj", "{511CABD4-141E-4CAF-905A-FD763C379CF0}"
EndProject
Project("{FAE04EC0-301F-11D3-BF4B-00C04F79EFBC}") = "Unity.Services.Core.Registration", "Unity.Services.Core.Registration.Player.csproj", "{EBF892B9-B7B8-EEC4-A34C-F99E1D1BE319}"
EndProject
Project("{FAE04EC0-301F-11D3-BF4B-00C04F79EFBC}") = "Assembly-CSharp", "Assembly-CSharp.Player.csproj", "{46F7D053-C14C-C5AA-6DEE-B6D718C09267}"
EndProject
Project("{FAE04EC0-301F-11D3-BF4B-00C04F79EFBC}") = "Unity.Services.Core.Device", "Unity.Services.Core.Device.Player.csproj", "{B5A8633C-38C9-E3BD-3CCE-E711AA3AB439}"
EndProject
Project("{FAE04EC0-301F-11D3-BF4B-00C04F79EFBC}") = "UnityEngine.Purchasing.WinRTStub", "UnityEngine.Purchasing.WinRTStub.Player.csproj", "{A2272A74-BF73-BEA3-5B17-0CE5AC380063}"
EndProject
Project("{FAE04EC0-301F-11D3-BF4B-00C04F79EFBC}") = "Unity.Services.Core.Threading", "Unity.Services.Core.Threading.Player.csproj", "{719A1ADF-0622-5857-AA53-6AB1E329D07B}"
EndProject
Project("{FAE04EC0-301F-11D3-BF4B-00C04F79EFBC}") = "UnityEngine.Purchasing.AppleStub", "UnityEngine.Purchasing.AppleStub.Player.csproj", "{CE44DC44-D3D6-4DDB-E82A-6C9F4079B765}"
EndProject
Project("{FAE04EC0-301F-11D3-BF4B-00C04F79EFBC}") = "UnityEngine.Purchasing.AppleMacosStub", "UnityEngine.Purchasing.AppleMacosStub.Player.csproj", "{24825DA9-829E-D058-D19F-164533274B73}"
EndProject
Project("{FAE04EC0-301F-11D3-BF4B-00C04F79EFBC}") = "UnityEngine.SpatialTracking", "UnityEngine.SpatialTracking.Player.csproj", "{BEDD96A4-A094-CBB3-7738-921555901AD8}"
EndProject
Project("{FAE04EC0-301F-11D3-BF4B-00C04F79EFBC}") = "Unity.Analytics.DataPrivacy", "Unity.Analytics.DataPrivacy.Player.csproj", "{C6C74A7F-9B4E-1317-0F12-E937A2B036FC}"
EndProject
Global
	GlobalSection(SolutionConfigurationPlatforms) = preSolution
		Debug|Any CPU = Debug|Any CPU
		Release|Any CPU = Release|Any CPU
	EndGlobalSection
	GlobalSection(ProjectConfigurationPlatforms) = postSolution
		{2A70325A-3C2D-CB91-BE82-16D5B8742FAF}.Debug|Any CPU.ActiveCfg = Debug|Any CPU
		{2A70325A-3C2D-CB91-BE82-16D5B8742FAF}.Debug|Any CPU.Build.0 = Debug|Any CPU
		{2A70325A-3C2D-CB91-BE82-16D5B8742FAF}.Release|Any CPU.ActiveCfg = Release|Any CPU
		{2A70325A-3C2D-CB91-BE82-16D5B8742FAF}.Release|Any CPU.Build.0 = Release|Any CPU
		{39BA7C4E-DBFD-971B-3D4F-4F9A58572BCF}.Debug|Any CPU.ActiveCfg = Debug|Any CPU
		{39BA7C4E-DBFD-971B-3D4F-4F9A58572BCF}.Debug|Any CPU.Build.0 = Debug|Any CPU
		{39BA7C4E-DBFD-971B-3D4F-4F9A58572BCF}.Release|Any CPU.ActiveCfg = Release|Any CPU
		{39BA7C4E-DBFD-971B-3D4F-4F9A58572BCF}.Release|Any CPU.Build.0 = Release|Any CPU
		{65E51B4A-24A6-BAF4-21DE-0674C3EF0A6B}.Debug|Any CPU.ActiveCfg = Debug|Any CPU
		{65E51B4A-24A6-BAF4-21DE-0674C3EF0A6B}.Debug|Any CPU.Build.0 = Debug|Any CPU
		{65E51B4A-24A6-BAF4-21DE-0674C3EF0A6B}.Release|Any CPU.ActiveCfg = Release|Any CPU
		{65E51B4A-24A6-BAF4-21DE-0674C3EF0A6B}.Release|Any CPU.Build.0 = Release|Any CPU
		{BB8EFAD1-C475-B4D5-95A6-6C07A8F58FB5}.Debug|Any CPU.ActiveCfg = Debug|Any CPU
		{BB8EFAD1-C475-B4D5-95A6-6C07A8F58FB5}.Debug|Any CPU.Build.0 = Debug|Any CPU
		{BB8EFAD1-C475-B4D5-95A6-6C07A8F58FB5}.Release|Any CPU.ActiveCfg = Release|Any CPU
		{BB8EFAD1-C475-B4D5-95A6-6C07A8F58FB5}.Release|Any CPU.Build.0 = Release|Any CPU
		{D8E408F0-3E1E-3623-34DC-F40B32319470}.Debug|Any CPU.ActiveCfg = Debug|Any CPU
		{D8E408F0-3E1E-3623-34DC-F40B32319470}.Debug|Any CPU.Build.0 = Debug|Any CPU
		{D8E408F0-3E1E-3623-34DC-F40B32319470}.Release|Any CPU.ActiveCfg = Release|Any CPU
		{D8E408F0-3E1E-3623-34DC-F40B32319470}.Release|Any CPU.Build.0 = Release|Any CPU
		{7B46EE10-8C94-F23D-99B3-3A58E323E76D}.Debug|Any CPU.ActiveCfg = Debug|Any CPU
		{7B46EE10-8C94-F23D-99B3-3A58E323E76D}.Debug|Any CPU.Build.0 = Debug|Any CPU
		{7B46EE10-8C94-F23D-99B3-3A58E323E76D}.Release|Any CPU.ActiveCfg = Release|Any CPU
		{7B46EE10-8C94-F23D-99B3-3A58E323E76D}.Release|Any CPU.Build.0 = Release|Any CPU
		{A992F36F-333E-E9CB-7556-1220EE8F5F18}.Debug|Any CPU.ActiveCfg = Debug|Any CPU
		{A992F36F-333E-E9CB-7556-1220EE8F5F18}.Debug|Any CPU.Build.0 = Debug|Any CPU
		{A992F36F-333E-E9CB-7556-1220EE8F5F18}.Release|Any CPU.ActiveCfg = Release|Any CPU
		{A992F36F-333E-E9CB-7556-1220EE8F5F18}.Release|Any CPU.Build.0 = Release|Any CPU
		{52208DC6-22A5-B16C-3930-F052B675B34B}.Debug|Any CPU.ActiveCfg = Debug|Any CPU
		{52208DC6-22A5-B16C-3930-F052B675B34B}.Debug|Any CPU.Build.0 = Debug|Any CPU
		{52208DC6-22A5-B16C-3930-F052B675B34B}.Release|Any CPU.ActiveCfg = Release|Any CPU
		{52208DC6-22A5-B16C-3930-F052B675B34B}.Release|Any CPU.Build.0 = Release|Any CPU
		{FBF4F493-30B6-AFBC-2A55-35FCBF96429E}.Debug|Any CPU.ActiveCfg = Debug|Any CPU
		{FBF4F493-30B6-AFBC-2A55-35FCBF96429E}.Debug|Any CPU.Build.0 = Debug|Any CPU
		{FBF4F493-30B6-AFBC-2A55-35FCBF96429E}.Release|Any CPU.ActiveCfg = Release|Any CPU
		{FBF4F493-30B6-AFBC-2A55-35FCBF96429E}.Release|Any CPU.Build.0 = Release|Any CPU
		{B5874EAD-0F58-5F90-477C-22AB65F212ED}.Debug|Any CPU.ActiveCfg = Debug|Any CPU
		{B5874EAD-0F58-5F90-477C-22AB65F212ED}.Debug|Any CPU.Build.0 = Debug|Any CPU
		{B5874EAD-0F58-5F90-477C-22AB65F212ED}.Release|Any CPU.ActiveCfg = Release|Any CPU
		{B5874EAD-0F58-5F90-477C-22AB65F212ED}.Release|Any CPU.Build.0 = Release|Any CPU
		{D7A7E401-1E93-8CC5-D419-F5C7D5A873B1}.Debug|Any CPU.ActiveCfg = Debug|Any CPU
		{D7A7E401-1E93-8CC5-D419-F5C7D5A873B1}.Debug|Any CPU.Build.0 = Debug|Any CPU
		{D7A7E401-1E93-8CC5-D419-F5C7D5A873B1}.Release|Any CPU.ActiveCfg = Release|Any CPU
		{D7A7E401-1E93-8CC5-D419-F5C7D5A873B1}.Release|Any CPU.Build.0 = Release|Any CPU
		{007DE7A7-8BD4-9474-C390-7C9F8537757F}.Debug|Any CPU.ActiveCfg = Debug|Any CPU
		{007DE7A7-8BD4-9474-C390-7C9F8537757F}.Debug|Any CPU.Build.0 = Debug|Any CPU
		{007DE7A7-8BD4-9474-C390-7C9F8537757F}.Release|Any CPU.ActiveCfg = Release|Any CPU
		{007DE7A7-8BD4-9474-C390-7C9F8537757F}.Release|Any CPU.Build.0 = Release|Any CPU
		{AA9E7198-32AA-0933-3EA2-2F7CB1905CFC}.Debug|Any CPU.ActiveCfg = Debug|Any CPU
		{AA9E7198-32AA-0933-3EA2-2F7CB1905CFC}.Debug|Any CPU.Build.0 = Debug|Any CPU
		{AA9E7198-32AA-0933-3EA2-2F7CB1905CFC}.Release|Any CPU.ActiveCfg = Release|Any CPU
		{AA9E7198-32AA-0933-3EA2-2F7CB1905CFC}.Release|Any CPU.Build.0 = Release|Any CPU
		{9A0DE44B-A154-BB7B-8609-61B179DD2877}.Debug|Any CPU.ActiveCfg = Debug|Any CPU
		{9A0DE44B-A154-BB7B-8609-61B179DD2877}.Debug|Any CPU.Build.0 = Debug|Any CPU
		{9A0DE44B-A154-BB7B-8609-61B179DD2877}.Release|Any CPU.ActiveCfg = Release|Any CPU
		{9A0DE44B-A154-BB7B-8609-61B179DD2877}.Release|Any CPU.Build.0 = Release|Any CPU
		{A9B52682-B393-F5FD-F745-72F86EB54838}.Debug|Any CPU.ActiveCfg = Debug|Any CPU
		{A9B52682-B393-F5FD-F745-72F86EB54838}.Debug|Any CPU.Build.0 = Debug|Any CPU
		{A9B52682-B393-F5FD-F745-72F86EB54838}.Release|Any CPU.ActiveCfg = Release|Any CPU
		{A9B52682-B393-F5FD-F745-72F86EB54838}.Release|Any CPU.Build.0 = Release|Any CPU
		{1DDE5C13-B5CC-D3EA-62E6-18AD211C187C}.Debug|Any CPU.ActiveCfg = Debug|Any CPU
		{1DDE5C13-B5CC-D3EA-62E6-18AD211C187C}.Debug|Any CPU.Build.0 = Debug|Any CPU
		{1DDE5C13-B5CC-D3EA-62E6-18AD211C187C}.Release|Any CPU.ActiveCfg = Release|Any CPU
		{1DDE5C13-B5CC-D3EA-62E6-18AD211C187C}.Release|Any CPU.Build.0 = Release|Any CPU
		{6391DBE4-51A9-D480-4E3B-71E6DAB5FE7C}.Debug|Any CPU.ActiveCfg = Debug|Any CPU
		{6391DBE4-51A9-D480-4E3B-71E6DAB5FE7C}.Debug|Any CPU.Build.0 = Debug|Any CPU
		{6391DBE4-51A9-D480-4E3B-71E6DAB5FE7C}.Release|Any CPU.ActiveCfg = Release|Any CPU
		{6391DBE4-51A9-D480-4E3B-71E6DAB5FE7C}.Release|Any CPU.Build.0 = Release|Any CPU
		{40099A58-89C2-6EDF-AD8F-7F1BA204DA4D}.Debug|Any CPU.ActiveCfg = Debug|Any CPU
		{40099A58-89C2-6EDF-AD8F-7F1BA204DA4D}.Debug|Any CPU.Build.0 = Debug|Any CPU
		{40099A58-89C2-6EDF-AD8F-7F1BA204DA4D}.Release|Any CPU.ActiveCfg = Release|Any CPU
		{40099A58-89C2-6EDF-AD8F-7F1BA204DA4D}.Release|Any CPU.Build.0 = Release|Any CPU
		{00F90E28-9B1E-54D1-13EA-1607BE0D2622}.Debug|Any CPU.ActiveCfg = Debug|Any CPU
		{00F90E28-9B1E-54D1-13EA-1607BE0D2622}.Debug|Any CPU.Build.0 = Debug|Any CPU
		{00F90E28-9B1E-54D1-13EA-1607BE0D2622}.Release|Any CPU.ActiveCfg = Release|Any CPU
		{00F90E28-9B1E-54D1-13EA-1607BE0D2622}.Release|Any CPU.Build.0 = Release|Any CPU
		{85914C42-E966-3738-4923-E197BA3F4D49}.Debug|Any CPU.ActiveCfg = Debug|Any CPU
		{85914C42-E966-3738-4923-E197BA3F4D49}.Debug|Any CPU.Build.0 = Debug|Any CPU
		{85914C42-E966-3738-4923-E197BA3F4D49}.Release|Any CPU.ActiveCfg = Release|Any CPU
		{85914C42-E966-3738-4923-E197BA3F4D49}.Release|Any CPU.Build.0 = Release|Any CPU
		{10666D41-9EC3-EDBE-2B91-ACD15E973395}.Debug|Any CPU.ActiveCfg = Debug|Any CPU
		{10666D41-9EC3-EDBE-2B91-ACD15E973395}.Debug|Any CPU.Build.0 = Debug|Any CPU
		{10666D41-9EC3-EDBE-2B91-ACD15E973395}.Release|Any CPU.ActiveCfg = Release|Any CPU
		{10666D41-9EC3-EDBE-2B91-ACD15E973395}.Release|Any CPU.Build.0 = Release|Any CPU
		{C038CCF2-53BF-BB90-BF53-5FF2AA1ED5C5}.Debug|Any CPU.ActiveCfg = Debug|Any CPU
		{C038CCF2-53BF-BB90-BF53-5FF2AA1ED5C5}.Debug|Any CPU.Build.0 = Debug|Any CPU
		{C038CCF2-53BF-BB90-BF53-5FF2AA1ED5C5}.Release|Any CPU.ActiveCfg = Release|Any CPU
		{C038CCF2-53BF-BB90-BF53-5FF2AA1ED5C5}.Release|Any CPU.Build.0 = Release|Any CPU
		{637FA0B1-C8B5-F733-5020-9C22AEC101A4}.Debug|Any CPU.ActiveCfg = Debug|Any CPU
		{637FA0B1-C8B5-F733-5020-9C22AEC101A4}.Debug|Any CPU.Build.0 = Debug|Any CPU
		{637FA0B1-C8B5-F733-5020-9C22AEC101A4}.Release|Any CPU.ActiveCfg = Release|Any CPU
		{637FA0B1-C8B5-F733-5020-9C22AEC101A4}.Release|Any CPU.Build.0 = Release|Any CPU
		{A5392069-817A-0D93-422A-6246AFF5B451}.Debug|Any CPU.ActiveCfg = Debug|Any CPU
		{A5392069-817A-0D93-422A-6246AFF5B451}.Debug|Any CPU.Build.0 = Debug|Any CPU
		{A5392069-817A-0D93-422A-6246AFF5B451}.Release|Any CPU.ActiveCfg = Release|Any CPU
		{A5392069-817A-0D93-422A-6246AFF5B451}.Release|Any CPU.Build.0 = Release|Any CPU
		{8B332853-49BC-1F03-2826-135868815C47}.Debug|Any CPU.ActiveCfg = Debug|Any CPU
		{8B332853-49BC-1F03-2826-135868815C47}.Debug|Any CPU.Build.0 = Debug|Any CPU
		{8B332853-49BC-1F03-2826-135868815C47}.Release|Any CPU.ActiveCfg = Release|Any CPU
		{8B332853-49BC-1F03-2826-135868815C47}.Release|Any CPU.Build.0 = Release|Any CPU
		{5052AF40-986E-0862-FF2F-3CAF43E3CB7C}.Debug|Any CPU.ActiveCfg = Debug|Any CPU
		{5052AF40-986E-0862-FF2F-3CAF43E3CB7C}.Debug|Any CPU.Build.0 = Debug|Any CPU
		{5052AF40-986E-0862-FF2F-3CAF43E3CB7C}.Release|Any CPU.ActiveCfg = Release|Any CPU
		{5052AF40-986E-0862-FF2F-3CAF43E3CB7C}.Release|Any CPU.Build.0 = Release|Any CPU
		{E1446E2D-0FC7-FB6B-0A73-4E86EF247367}.Debug|Any CPU.ActiveCfg = Debug|Any CPU
		{E1446E2D-0FC7-FB6B-0A73-4E86EF247367}.Debug|Any CPU.Build.0 = Debug|Any CPU
		{E1446E2D-0FC7-FB6B-0A73-4E86EF247367}.Release|Any CPU.ActiveCfg = Release|Any CPU
		{E1446E2D-0FC7-FB6B-0A73-4E86EF247367}.Release|Any CPU.Build.0 = Release|Any CPU
		{65A3781A-A55E-753E-2259-A319F11CADBB}.Debug|Any CPU.ActiveCfg = Debug|Any CPU
		{65A3781A-A55E-753E-2259-A319F11CADBB}.Debug|Any CPU.Build.0 = Debug|Any CPU
		{65A3781A-A55E-753E-2259-A319F11CADBB}.Release|Any CPU.ActiveCfg = Release|Any CPU
		{65A3781A-A55E-753E-2259-A319F11CADBB}.Release|Any CPU.Build.0 = Release|Any CPU
		{F3A708E9-A9CB-76E1-6FC0-AA8F4CE0DF1E}.Debug|Any CPU.ActiveCfg = Debug|Any CPU
		{F3A708E9-A9CB-76E1-6FC0-AA8F4CE0DF1E}.Debug|Any CPU.Build.0 = Debug|Any CPU
		{F3A708E9-A9CB-76E1-6FC0-AA8F4CE0DF1E}.Release|Any CPU.ActiveCfg = Release|Any CPU
		{F3A708E9-A9CB-76E1-6FC0-AA8F4CE0DF1E}.Release|Any CPU.Build.0 = Release|Any CPU
		{2E2F6864-5962-C348-D3EE-5A374BEC3704}.Debug|Any CPU.ActiveCfg = Debug|Any CPU
		{2E2F6864-5962-C348-D3EE-5A374BEC3704}.Debug|Any CPU.Build.0 = Debug|Any CPU
		{2E2F6864-5962-C348-D3EE-5A374BEC3704}.Release|Any CPU.ActiveCfg = Release|Any CPU
		{2E2F6864-5962-C348-D3EE-5A374BEC3704}.Release|Any CPU.Build.0 = Release|Any CPU
		{486B7681-CFB5-FAB5-5CC9-7B1359688790}.Debug|Any CPU.ActiveCfg = Debug|Any CPU
		{486B7681-CFB5-FAB5-5CC9-7B1359688790}.Debug|Any CPU.Build.0 = Debug|Any CPU
		{486B7681-CFB5-FAB5-5CC9-7B1359688790}.Release|Any CPU.ActiveCfg = Release|Any CPU
		{486B7681-CFB5-FAB5-5CC9-7B1359688790}.Release|Any CPU.Build.0 = Release|Any CPU
		{5478207A-22A3-9B37-06EF-84B9D3ED27F9}.Debug|Any CPU.ActiveCfg = Debug|Any CPU
		{5478207A-22A3-9B37-06EF-84B9D3ED27F9}.Debug|Any CPU.Build.0 = Debug|Any CPU
		{5478207A-22A3-9B37-06EF-84B9D3ED27F9}.Release|Any CPU.ActiveCfg = Release|Any CPU
		{5478207A-22A3-9B37-06EF-84B9D3ED27F9}.Release|Any CPU.Build.0 = Release|Any CPU
		{6D70D9B0-2CF2-FF33-E930-D493844D2DC2}.Debug|Any CPU.ActiveCfg = Debug|Any CPU
		{6D70D9B0-2CF2-FF33-E930-D493844D2DC2}.Debug|Any CPU.Build.0 = Debug|Any CPU
		{6D70D9B0-2CF2-FF33-E930-D493844D2DC2}.Release|Any CPU.ActiveCfg = Release|Any CPU
		{6D70D9B0-2CF2-FF33-E930-D493844D2DC2}.Release|Any CPU.Build.0 = Release|Any CPU
		{D8BB77A2-4F40-4928-E163-46277965EC07}.Debug|Any CPU.ActiveCfg = Debug|Any CPU
		{D8BB77A2-4F40-4928-E163-46277965EC07}.Debug|Any CPU.Build.0 = Debug|Any CPU
		{D8BB77A2-4F40-4928-E163-46277965EC07}.Release|Any CPU.ActiveCfg = Release|Any CPU
		{D8BB77A2-4F40-4928-E163-46277965EC07}.Release|Any CPU.Build.0 = Release|Any CPU
		{926BB6D6-E55C-F55E-C236-9C07E9217848}.Debug|Any CPU.ActiveCfg = Debug|Any CPU
		{926BB6D6-E55C-F55E-C236-9C07E9217848}.Debug|Any CPU.Build.0 = Debug|Any CPU
		{926BB6D6-E55C-F55E-C236-9C07E9217848}.Release|Any CPU.ActiveCfg = Release|Any CPU
		{926BB6D6-E55C-F55E-C236-9C07E9217848}.Release|Any CPU.Build.0 = Release|Any CPU
		{1AC94EB1-1B9D-3C63-AEAD-DB04437D40E9}.Debug|Any CPU.ActiveCfg = Debug|Any CPU
		{1AC94EB1-1B9D-3C63-AEAD-DB04437D40E9}.Debug|Any CPU.Build.0 = Debug|Any CPU
		{1AC94EB1-1B9D-3C63-AEAD-DB04437D40E9}.Release|Any CPU.ActiveCfg = Release|Any CPU
		{1AC94EB1-1B9D-3C63-AEAD-DB04437D40E9}.Release|Any CPU.Build.0 = Release|Any CPU
		{FF6BC52C-D634-CE79-8593-B533454C2FF7}.Debug|Any CPU.ActiveCfg = Debug|Any CPU
		{FF6BC52C-D634-CE79-8593-B533454C2FF7}.Debug|Any CPU.Build.0 = Debug|Any CPU
		{FF6BC52C-D634-CE79-8593-B533454C2FF7}.Release|Any CPU.ActiveCfg = Release|Any CPU
		{FF6BC52C-D634-CE79-8593-B533454C2FF7}.Release|Any CPU.Build.0 = Release|Any CPU
		{714DCD66-EA15-60AA-1C0D-9C01D6B121F6}.Debug|Any CPU.ActiveCfg = Debug|Any CPU
		{714DCD66-EA15-60AA-1C0D-9C01D6B121F6}.Debug|Any CPU.Build.0 = Debug|Any CPU
		{714DCD66-EA15-60AA-1C0D-9C01D6B121F6}.Release|Any CPU.ActiveCfg = Release|Any CPU
		{714DCD66-EA15-60AA-1C0D-9C01D6B121F6}.Release|Any CPU.Build.0 = Release|Any CPU
		{6C82FA00-CCD8-B82C-9567-246D858DC893}.Debug|Any CPU.ActiveCfg = Debug|Any CPU
		{6C82FA00-CCD8-B82C-9567-246D858DC893}.Debug|Any CPU.Build.0 = Debug|Any CPU
		{6C82FA00-CCD8-B82C-9567-246D858DC893}.Release|Any CPU.ActiveCfg = Release|Any CPU
		{6C82FA00-CCD8-B82C-9567-246D858DC893}.Release|Any CPU.Build.0 = Release|Any CPU
		{2E7A84C9-AFFB-F8F0-4F6B-B510BF5C8C81}.Debug|Any CPU.ActiveCfg = Debug|Any CPU
		{2E7A84C9-AFFB-F8F0-4F6B-B510BF5C8C81}.Debug|Any CPU.Build.0 = Debug|Any CPU
		{2E7A84C9-AFFB-F8F0-4F6B-B510BF5C8C81}.Release|Any CPU.ActiveCfg = Release|Any CPU
		{2E7A84C9-AFFB-F8F0-4F6B-B510BF5C8C81}.Release|Any CPU.Build.0 = Release|Any CPU
		{EC27BBDC-9BD3-B182-D27D-80EF625F2565}.Debug|Any CPU.ActiveCfg = Debug|Any CPU
		{EC27BBDC-9BD3-B182-D27D-80EF625F2565}.Debug|Any CPU.Build.0 = Debug|Any CPU
		{EC27BBDC-9BD3-B182-D27D-80EF625F2565}.Release|Any CPU.ActiveCfg = Release|Any CPU
		{EC27BBDC-9BD3-B182-D27D-80EF625F2565}.Release|Any CPU.Build.0 = Release|Any CPU
		{DDE6D9B0-8676-0514-5132-4F2B4EBF20E3}.Debug|Any CPU.ActiveCfg = Debug|Any CPU
		{DDE6D9B0-8676-0514-5132-4F2B4EBF20E3}.Debug|Any CPU.Build.0 = Debug|Any CPU
		{DDE6D9B0-8676-0514-5132-4F2B4EBF20E3}.Release|Any CPU.ActiveCfg = Release|Any CPU
		{DDE6D9B0-8676-0514-5132-4F2B4EBF20E3}.Release|Any CPU.Build.0 = Release|Any CPU
		{3E5E7F9E-7D13-F012-DE7B-8BF4C7FB36AB}.Debug|Any CPU.ActiveCfg = Debug|Any CPU
		{3E5E7F9E-7D13-F012-DE7B-8BF4C7FB36AB}.Debug|Any CPU.Build.0 = Debug|Any CPU
		{3E5E7F9E-7D13-F012-DE7B-8BF4C7FB36AB}.Release|Any CPU.ActiveCfg = Release|Any CPU
		{3E5E7F9E-7D13-F012-DE7B-8BF4C7FB36AB}.Release|Any CPU.Build.0 = Release|Any CPU
		{A02F5FCD-9379-BD04-1BBD-3E4A28DF66FC}.Debug|Any CPU.ActiveCfg = Debug|Any CPU
		{A02F5FCD-9379-BD04-1BBD-3E4A28DF66FC}.Debug|Any CPU.Build.0 = Debug|Any CPU
		{A02F5FCD-9379-BD04-1BBD-3E4A28DF66FC}.Release|Any CPU.ActiveCfg = Release|Any CPU
		{A02F5FCD-9379-BD04-1BBD-3E4A28DF66FC}.Release|Any CPU.Build.0 = Release|Any CPU
		{B23AB82A-F818-E79A-07F6-5C3C7CFCA026}.Debug|Any CPU.ActiveCfg = Debug|Any CPU
		{B23AB82A-F818-E79A-07F6-5C3C7CFCA026}.Debug|Any CPU.Build.0 = Debug|Any CPU
		{B23AB82A-F818-E79A-07F6-5C3C7CFCA026}.Release|Any CPU.ActiveCfg = Release|Any CPU
		{B23AB82A-F818-E79A-07F6-5C3C7CFCA026}.Release|Any CPU.Build.0 = Release|Any CPU
		{3CA487B8-2E4A-5A21-5EA7-CFCC9DFE33ED}.Debug|Any CPU.ActiveCfg = Debug|Any CPU
		{3CA487B8-2E4A-5A21-5EA7-CFCC9DFE33ED}.Debug|Any CPU.Build.0 = Debug|Any CPU
		{3CA487B8-2E4A-5A21-5EA7-CFCC9DFE33ED}.Release|Any CPU.ActiveCfg = Release|Any CPU
		{3CA487B8-2E4A-5A21-5EA7-CFCC9DFE33ED}.Release|Any CPU.Build.0 = Release|Any CPU
		{848B3EFF-D0DC-77B9-A7B4-A1B1235C6218}.Debug|Any CPU.ActiveCfg = Debug|Any CPU
		{848B3EFF-D0DC-77B9-A7B4-A1B1235C6218}.Debug|Any CPU.Build.0 = Debug|Any CPU
		{848B3EFF-D0DC-77B9-A7B4-A1B1235C6218}.Release|Any CPU.ActiveCfg = Release|Any CPU
		{848B3EFF-D0DC-77B9-A7B4-A1B1235C6218}.Release|Any CPU.Build.0 = Release|Any CPU
		{D3C6D733-82B3-B55F-7B41-2D811C07517D}.Debug|Any CPU.ActiveCfg = Debug|Any CPU
		{D3C6D733-82B3-B55F-7B41-2D811C07517D}.Debug|Any CPU.Build.0 = Debug|Any CPU
		{D3C6D733-82B3-B55F-7B41-2D811C07517D}.Release|Any CPU.ActiveCfg = Release|Any CPU
		{D3C6D733-82B3-B55F-7B41-2D811C07517D}.Release|Any CPU.Build.0 = Release|Any CPU
		{B056240B-15A2-F8DA-2C2D-B3DA6728E7C7}.Debug|Any CPU.ActiveCfg = Debug|Any CPU
		{B056240B-15A2-F8DA-2C2D-B3DA6728E7C7}.Debug|Any CPU.Build.0 = Debug|Any CPU
		{B056240B-15A2-F8DA-2C2D-B3DA6728E7C7}.Release|Any CPU.ActiveCfg = Release|Any CPU
		{B056240B-15A2-F8DA-2C2D-B3DA6728E7C7}.Release|Any CPU.Build.0 = Release|Any CPU
		{9684EA06-C343-B2D2-10AD-0BE56F7609BE}.Debug|Any CPU.ActiveCfg = Debug|Any CPU
		{9684EA06-C343-B2D2-10AD-0BE56F7609BE}.Debug|Any CPU.Build.0 = Debug|Any CPU
		{9684EA06-C343-B2D2-10AD-0BE56F7609BE}.Release|Any CPU.ActiveCfg = Release|Any CPU
		{9684EA06-C343-B2D2-10AD-0BE56F7609BE}.Release|Any CPU.Build.0 = Release|Any CPU
		{1C3C435B-E9B5-E40E-429A-123BC99AF94C}.Debug|Any CPU.ActiveCfg = Debug|Any CPU
		{1C3C435B-E9B5-E40E-429A-123BC99AF94C}.Debug|Any CPU.Build.0 = Debug|Any CPU
		{1C3C435B-E9B5-E40E-429A-123BC99AF94C}.Release|Any CPU.ActiveCfg = Release|Any CPU
		{1C3C435B-E9B5-E40E-429A-123BC99AF94C}.Release|Any CPU.Build.0 = Release|Any CPU
		{FB7B4C1A-33E2-61E1-576E-B029BCCF85F7}.Debug|Any CPU.ActiveCfg = Debug|Any CPU
		{FB7B4C1A-33E2-61E1-576E-B029BCCF85F7}.Debug|Any CPU.Build.0 = Debug|Any CPU
		{FB7B4C1A-33E2-61E1-576E-B029BCCF85F7}.Release|Any CPU.ActiveCfg = Release|Any CPU
		{FB7B4C1A-33E2-61E1-576E-B029BCCF85F7}.Release|Any CPU.Build.0 = Release|Any CPU
		{D6727148-1B52-1059-C8EE-2C1B65301929}.Debug|Any CPU.ActiveCfg = Debug|Any CPU
		{D6727148-1B52-1059-C8EE-2C1B65301929}.Debug|Any CPU.Build.0 = Debug|Any CPU
		{D6727148-1B52-1059-C8EE-2C1B65301929}.Release|Any CPU.ActiveCfg = Release|Any CPU
		{D6727148-1B52-1059-C8EE-2C1B65301929}.Release|Any CPU.Build.0 = Release|Any CPU
		{EC2FFF2F-3FEC-337B-29D6-3714B935D168}.Debug|Any CPU.ActiveCfg = Debug|Any CPU
		{EC2FFF2F-3FEC-337B-29D6-3714B935D168}.Debug|Any CPU.Build.0 = Debug|Any CPU
		{EC2FFF2F-3FEC-337B-29D6-3714B935D168}.Release|Any CPU.ActiveCfg = Release|Any CPU
		{EC2FFF2F-3FEC-337B-29D6-3714B935D168}.Release|Any CPU.Build.0 = Release|Any CPU
		{E7280419-0E59-5655-5850-B4425FDC42E1}.Debug|Any CPU.ActiveCfg = Debug|Any CPU
		{E7280419-0E59-5655-5850-B4425FDC42E1}.Debug|Any CPU.Build.0 = Debug|Any CPU
		{E7280419-0E59-5655-5850-B4425FDC42E1}.Release|Any CPU.ActiveCfg = Release|Any CPU
		{E7280419-0E59-5655-5850-B4425FDC42E1}.Release|Any CPU.Build.0 = Release|Any CPU
		{2DD5D96D-1C3C-FB5D-7FAE-59156CDF4839}.Debug|Any CPU.ActiveCfg = Debug|Any CPU
		{2DD5D96D-1C3C-FB5D-7FAE-59156CDF4839}.Debug|Any CPU.Build.0 = Debug|Any CPU
		{2DD5D96D-1C3C-FB5D-7FAE-59156CDF4839}.Release|Any CPU.ActiveCfg = Release|Any CPU
		{2DD5D96D-1C3C-FB5D-7FAE-59156CDF4839}.Release|Any CPU.Build.0 = Release|Any CPU
		{E641C7BA-5065-95AD-2A6D-97F5A695BA59}.Debug|Any CPU.ActiveCfg = Debug|Any CPU
		{E641C7BA-5065-95AD-2A6D-97F5A695BA59}.Debug|Any CPU.Build.0 = Debug|Any CPU
		{E641C7BA-5065-95AD-2A6D-97F5A695BA59}.Release|Any CPU.ActiveCfg = Release|Any CPU
		{E641C7BA-5065-95AD-2A6D-97F5A695BA59}.Release|Any CPU.Build.0 = Release|Any CPU
		{127C75F0-50F9-3AEA-5E31-B14DC82C2AF5}.Debug|Any CPU.ActiveCfg = Debug|Any CPU
		{127C75F0-50F9-3AEA-5E31-B14DC82C2AF5}.Debug|Any CPU.Build.0 = Debug|Any CPU
		{127C75F0-50F9-3AEA-5E31-B14DC82C2AF5}.Release|Any CPU.ActiveCfg = Release|Any CPU
		{127C75F0-50F9-3AEA-5E31-B14DC82C2AF5}.Release|Any CPU.Build.0 = Release|Any CPU
		{0A5B41D0-1CA8-E7F2-5A6F-0A98FF3AAFF6}.Debug|Any CPU.ActiveCfg = Debug|Any CPU
		{0A5B41D0-1CA8-E7F2-5A6F-0A98FF3AAFF6}.Debug|Any CPU.Build.0 = Debug|Any CPU
		{0A5B41D0-1CA8-E7F2-5A6F-0A98FF3AAFF6}.Release|Any CPU.ActiveCfg = Release|Any CPU
		{0A5B41D0-1CA8-E7F2-5A6F-0A98FF3AAFF6}.Release|Any CPU.Build.0 = Release|Any CPU
		{D6A19F2A-7D4E-63DE-090B-7D238C4CF1EF}.Debug|Any CPU.ActiveCfg = Debug|Any CPU
		{D6A19F2A-7D4E-63DE-090B-7D238C4CF1EF}.Debug|Any CPU.Build.0 = Debug|Any CPU
		{D6A19F2A-7D4E-63DE-090B-7D238C4CF1EF}.Release|Any CPU.ActiveCfg = Release|Any CPU
		{D6A19F2A-7D4E-63DE-090B-7D238C4CF1EF}.Release|Any CPU.Build.0 = Release|Any CPU
		{5ADAE28B-06CF-FF48-DC17-5C5CC8E083ED}.Debug|Any CPU.ActiveCfg = Debug|Any CPU
		{5ADAE28B-06CF-FF48-DC17-5C5CC8E083ED}.Debug|Any CPU.Build.0 = Debug|Any CPU
		{5ADAE28B-06CF-FF48-DC17-5C5CC8E083ED}.Release|Any CPU.ActiveCfg = Release|Any CPU
		{5ADAE28B-06CF-FF48-DC17-5C5CC8E083ED}.Release|Any CPU.Build.0 = Release|Any CPU
		{23F29643-45D2-4F23-4B57-06A15E676933}.Debug|Any CPU.ActiveCfg = Debug|Any CPU
		{23F29643-45D2-4F23-4B57-06A15E676933}.Debug|Any CPU.Build.0 = Debug|Any CPU
		{23F29643-45D2-4F23-4B57-06A15E676933}.Release|Any CPU.ActiveCfg = Release|Any CPU
		{23F29643-45D2-4F23-4B57-06A15E676933}.Release|Any CPU.Build.0 = Release|Any CPU
		{00EA974E-06C2-D7B7-0EC6-1D113E3208A5}.Debug|Any CPU.ActiveCfg = Debug|Any CPU
		{00EA974E-06C2-D7B7-0EC6-1D113E3208A5}.Debug|Any CPU.Build.0 = Debug|Any CPU
		{00EA974E-06C2-D7B7-0EC6-1D113E3208A5}.Release|Any CPU.ActiveCfg = Release|Any CPU
		{00EA974E-06C2-D7B7-0EC6-1D113E3208A5}.Release|Any CPU.Build.0 = Release|Any CPU
		{80E69AC9-A966-8CEB-8CB7-61DC74054557}.Debug|Any CPU.ActiveCfg = Debug|Any CPU
		{80E69AC9-A966-8CEB-8CB7-61DC74054557}.Debug|Any CPU.Build.0 = Debug|Any CPU
		{80E69AC9-A966-8CEB-8CB7-61DC74054557}.Release|Any CPU.ActiveCfg = Release|Any CPU
		{80E69AC9-A966-8CEB-8CB7-61DC74054557}.Release|Any CPU.Build.0 = Release|Any CPU
		{C7A6E8E2-2B78-11B2-FE15-8B9166C5CC85}.Debug|Any CPU.ActiveCfg = Debug|Any CPU
		{C7A6E8E2-2B78-11B2-FE15-8B9166C5CC85}.Debug|Any CPU.Build.0 = Debug|Any CPU
		{C7A6E8E2-2B78-11B2-FE15-8B9166C5CC85}.Release|Any CPU.ActiveCfg = Release|Any CPU
		{C7A6E8E2-2B78-11B2-FE15-8B9166C5CC85}.Release|Any CPU.Build.0 = Release|Any CPU
		{DFD0FD46-2817-8E23-5E31-7F3DD803AFF6}.Debug|Any CPU.ActiveCfg = Debug|Any CPU
		{DFD0FD46-2817-8E23-5E31-7F3DD803AFF6}.Debug|Any CPU.Build.0 = Debug|Any CPU
		{DFD0FD46-2817-8E23-5E31-7F3DD803AFF6}.Release|Any CPU.ActiveCfg = Release|Any CPU
		{DFD0FD46-2817-8E23-5E31-7F3DD803AFF6}.Release|Any CPU.Build.0 = Release|Any CPU
		{B7C12BA8-79DD-C819-6ED9-E109D7073377}.Debug|Any CPU.ActiveCfg = Debug|Any CPU
		{B7C12BA8-79DD-C819-6ED9-E109D7073377}.Debug|Any CPU.Build.0 = Debug|Any CPU
		{B7C12BA8-79DD-C819-6ED9-E109D7073377}.Release|Any CPU.ActiveCfg = Release|Any CPU
		{B7C12BA8-79DD-C819-6ED9-E109D7073377}.Release|Any CPU.Build.0 = Release|Any CPU
		{50DFBA47-7636-DDD6-265B-A88BF2821710}.Debug|Any CPU.ActiveCfg = Debug|Any CPU
		{50DFBA47-7636-DDD6-265B-A88BF2821710}.Debug|Any CPU.Build.0 = Debug|Any CPU
		{50DFBA47-7636-DDD6-265B-A88BF2821710}.Release|Any CPU.ActiveCfg = Release|Any CPU
		{50DFBA47-7636-DDD6-265B-A88BF2821710}.Release|Any CPU.Build.0 = Release|Any CPU
		{9BB2D750-6C29-6217-E181-7A7EA6F9D0E8}.Debug|Any CPU.ActiveCfg = Debug|Any CPU
		{9BB2D750-6C29-6217-E181-7A7EA6F9D0E8}.Debug|Any CPU.Build.0 = Debug|Any CPU
		{9BB2D750-6C29-6217-E181-7A7EA6F9D0E8}.Release|Any CPU.ActiveCfg = Release|Any CPU
		{9BB2D750-6C29-6217-E181-7A7EA6F9D0E8}.Release|Any CPU.Build.0 = Release|Any CPU
		{7E7A42C8-5497-73CC-8A3E-F566CD4EF82F}.Debug|Any CPU.ActiveCfg = Debug|Any CPU
		{7E7A42C8-5497-73CC-8A3E-F566CD4EF82F}.Debug|Any CPU.Build.0 = Debug|Any CPU
		{7E7A42C8-5497-73CC-8A3E-F566CD4EF82F}.Release|Any CPU.ActiveCfg = Release|Any CPU
		{7E7A42C8-5497-73CC-8A3E-F566CD4EF82F}.Release|Any CPU.Build.0 = Release|Any CPU
		{86B1B5B1-0F0D-0D43-EE0B-6912CACDF9AB}.Debug|Any CPU.ActiveCfg = Debug|Any CPU
		{86B1B5B1-0F0D-0D43-EE0B-6912CACDF9AB}.Debug|Any CPU.Build.0 = Debug|Any CPU
		{86B1B5B1-0F0D-0D43-EE0B-6912CACDF9AB}.Release|Any CPU.ActiveCfg = Release|Any CPU
		{86B1B5B1-0F0D-0D43-EE0B-6912CACDF9AB}.Release|Any CPU.Build.0 = Release|Any CPU
		{BC37A6EB-1B80-D2BD-A259-96F05DEB09E4}.Debug|Any CPU.ActiveCfg = Debug|Any CPU
		{BC37A6EB-1B80-D2BD-A259-96F05DEB09E4}.Debug|Any CPU.Build.0 = Debug|Any CPU
		{BC37A6EB-1B80-D2BD-A259-96F05DEB09E4}.Release|Any CPU.ActiveCfg = Release|Any CPU
		{BC37A6EB-1B80-D2BD-A259-96F05DEB09E4}.Release|Any CPU.Build.0 = Release|Any CPU
		{F00B061C-0743-BC64-EE66-F5C29D847AD7}.Debug|Any CPU.ActiveCfg = Debug|Any CPU
		{F00B061C-0743-BC64-EE66-F5C29D847AD7}.Debug|Any CPU.Build.0 = Debug|Any CPU
		{F00B061C-0743-BC64-EE66-F5C29D847AD7}.Release|Any CPU.ActiveCfg = Release|Any CPU
		{F00B061C-0743-BC64-EE66-F5C29D847AD7}.Release|Any CPU.Build.0 = Release|Any CPU
		{98BB33F3-9D20-0BE3-E7E7-8FD1C1AFC80F}.Debug|Any CPU.ActiveCfg = Debug|Any CPU
		{98BB33F3-9D20-0BE3-E7E7-8FD1C1AFC80F}.Debug|Any CPU.Build.0 = Debug|Any CPU
		{98BB33F3-9D20-0BE3-E7E7-8FD1C1AFC80F}.Release|Any CPU.ActiveCfg = Release|Any CPU
		{98BB33F3-9D20-0BE3-E7E7-8FD1C1AFC80F}.Release|Any CPU.Build.0 = Release|Any CPU
		{0C273F24-E181-4F60-7816-63F1ED9BA225}.Debug|Any CPU.ActiveCfg = Debug|Any CPU
		{0C273F24-E181-4F60-7816-63F1ED9BA225}.Debug|Any CPU.Build.0 = Debug|Any CPU
		{0C273F24-E181-4F60-7816-63F1ED9BA225}.Release|Any CPU.ActiveCfg = Release|Any CPU
		{0C273F24-E181-4F60-7816-63F1ED9BA225}.Release|Any CPU.Build.0 = Release|Any CPU
		{511CABD4-141E-4CAF-905A-FD763C379CF0}.Debug|Any CPU.ActiveCfg = Debug|Any CPU
		{511CABD4-141E-4CAF-905A-FD763C379CF0}.Debug|Any CPU.Build.0 = Debug|Any CPU
		{511CABD4-141E-4CAF-905A-FD763C379CF0}.Release|Any CPU.ActiveCfg = Release|Any CPU
		{511CABD4-141E-4CAF-905A-FD763C379CF0}.Release|Any CPU.Build.0 = Release|Any CPU
		{EBF892B9-B7B8-EEC4-A34C-F99E1D1BE319}.Debug|Any CPU.ActiveCfg = Debug|Any CPU
		{EBF892B9-B7B8-EEC4-A34C-F99E1D1BE319}.Debug|Any CPU.Build.0 = Debug|Any CPU
		{EBF892B9-B7B8-EEC4-A34C-F99E1D1BE319}.Release|Any CPU.ActiveCfg = Release|Any CPU
		{EBF892B9-B7B8-EEC4-A34C-F99E1D1BE319}.Release|Any CPU.Build.0 = Release|Any CPU
		{46F7D053-C14C-C5AA-6DEE-B6D718C09267}.Debug|Any CPU.ActiveCfg = Debug|Any CPU
		{46F7D053-C14C-C5AA-6DEE-B6D718C09267}.Debug|Any CPU.Build.0 = Debug|Any CPU
		{46F7D053-C14C-C5AA-6DEE-B6D718C09267}.Release|Any CPU.ActiveCfg = Release|Any CPU
		{46F7D053-C14C-C5AA-6DEE-B6D718C09267}.Release|Any CPU.Build.0 = Release|Any CPU
		{B5A8633C-38C9-E3BD-3CCE-E711AA3AB439}.Debug|Any CPU.ActiveCfg = Debug|Any CPU
		{B5A8633C-38C9-E3BD-3CCE-E711AA3AB439}.Debug|Any CPU.Build.0 = Debug|Any CPU
		{B5A8633C-38C9-E3BD-3CCE-E711AA3AB439}.Release|Any CPU.ActiveCfg = Release|Any CPU
		{B5A8633C-38C9-E3BD-3CCE-E711AA3AB439}.Release|Any CPU.Build.0 = Release|Any CPU
		{A2272A74-BF73-BEA3-5B17-0CE5AC380063}.Debug|Any CPU.ActiveCfg = Debug|Any CPU
		{A2272A74-BF73-BEA3-5B17-0CE5AC380063}.Debug|Any CPU.Build.0 = Debug|Any CPU
		{A2272A74-BF73-BEA3-5B17-0CE5AC380063}.Release|Any CPU.ActiveCfg = Release|Any CPU
		{A2272A74-BF73-BEA3-5B17-0CE5AC380063}.Release|Any CPU.Build.0 = Release|Any CPU
		{719A1ADF-0622-5857-AA53-6AB1E329D07B}.Debug|Any CPU.ActiveCfg = Debug|Any CPU
		{719A1ADF-0622-5857-AA53-6AB1E329D07B}.Debug|Any CPU.Build.0 = Debug|Any CPU
		{719A1ADF-0622-5857-AA53-6AB1E329D07B}.Release|Any CPU.ActiveCfg = Release|Any CPU
		{719A1ADF-0622-5857-AA53-6AB1E329D07B}.Release|Any CPU.Build.0 = Release|Any CPU
		{CE44DC44-D3D6-4DDB-E82A-6C9F4079B765}.Debug|Any CPU.ActiveCfg = Debug|Any CPU
		{CE44DC44-D3D6-4DDB-E82A-6C9F4079B765}.Debug|Any CPU.Build.0 = Debug|Any CPU
		{CE44DC44-D3D6-4DDB-E82A-6C9F4079B765}.Release|Any CPU.ActiveCfg = Release|Any CPU
		{CE44DC44-D3D6-4DDB-E82A-6C9F4079B765}.Release|Any CPU.Build.0 = Release|Any CPU
		{24825DA9-829E-D058-D19F-164533274B73}.Debug|Any CPU.ActiveCfg = Debug|Any CPU
		{24825DA9-829E-D058-D19F-164533274B73}.Debug|Any CPU.Build.0 = Debug|Any CPU
		{24825DA9-829E-D058-D19F-164533274B73}.Release|Any CPU.ActiveCfg = Release|Any CPU
		{24825DA9-829E-D058-D19F-164533274B73}.Release|Any CPU.Build.0 = Release|Any CPU
		{BEDD96A4-A094-CBB3-7738-921555901AD8}.Debug|Any CPU.ActiveCfg = Debug|Any CPU
		{BEDD96A4-A094-CBB3-7738-921555901AD8}.Debug|Any CPU.Build.0 = Debug|Any CPU
		{BEDD96A4-A094-CBB3-7738-921555901AD8}.Release|Any CPU.ActiveCfg = Release|Any CPU
		{BEDD96A4-A094-CBB3-7738-921555901AD8}.Release|Any CPU.Build.0 = Release|Any CPU
		{C6C74A7F-9B4E-1317-0F12-E937A2B036FC}.Debug|Any CPU.ActiveCfg = Debug|Any CPU
		{C6C74A7F-9B4E-1317-0F12-E937A2B036FC}.Debug|Any CPU.Build.0 = Debug|Any CPU
		{C6C74A7F-9B4E-1317-0F12-E937A2B036FC}.Release|Any CPU.ActiveCfg = Release|Any CPU
		{C6C74A7F-9B4E-1317-0F12-E937A2B036FC}.Release|Any CPU.Build.0 = Release|Any CPU
	EndGlobalSection
	GlobalSection(SolutionProperties) = preSolution
		HideSolutionNode = FALSE
	EndGlobalSection
	GlobalSection(MonoDevelopProperties) = preSolution
		StartupItem = Assembly-CSharp.csproj
	EndGlobalSection
EndGlobal
